
Microsoft Visual Studio Solution File, Format Version 12.00
# Visual Studio Version 17
VisualStudioVersion = 17.14.36121.58
MinimumVisualStudioVersion = 10.0.40219.1
Project("{FAE04EC0-301F-11D3-BF4B-00C04F79EFBC}") = "ConsoleApp2", "ConsoleApp2\ConsoleApp2.csproj", "{DF19ABDD-7532-412D-A7B3-3BA18FBB55AF}"
EndProject
Project("{2150E333-8FDC-42A3-9474-1A3956D46DE8}") = "Solution Items", "Solution Items", "{8EC462FD-D22E-90A8-E5CE-7E832BA40C5D}"
	ProjectSection(SolutionItems) = preProject
		.gitignore = .gitignore
	EndProjectSection
EndProject
Project("{FAE04EC0-301F-11D3-BF4B-00C04F79EFBC}") = "ConsoleApp4", "ConsoleApp4\ConsoleApp4.csproj", "{1EC2AD2B-40C9-4436-B867-89071024B51A}"
EndProject
Project("{FAE04EC0-301F-11D3-BF4B-00C04F79EFBC}") = "ConsoleApp5", "ConsoleApp5\ConsoleApp5.csproj", "{40818F79-5A9B-4553-B029-0635D5493512}"
EndProject
Project("{FAE04EC0-301F-11D3-BF4B-00C04F79EFBC}") = "First_homework", "First_homework\First_homework.csproj", "{10968FB3-570A-4444-8BD2-950CC2F0721D}"
EndProject
Project("{FAE04EC0-301F-11D3-BF4B-00C04F79EFBC}") = "second_homework", "second_homework\second_homework.csproj", "{7232670B-DAC3-47DD-B915-09E7E073B973}"
EndProject
Project("{FAE04EC0-301F-11D3-BF4B-00C04F79EFBC}") = "third_homework", "third_homework\third_homework.csproj", "{3B7E4815-D1AD-41B8-85DB-DED1595E469A}"
EndProject
Project("{FAE04EC0-301F-11D3-BF4B-00C04F79EFBC}") = "4_hw", "4_hw\4_hw.csproj", "{A9E68574-1514-A0D8-75B8-3B83F2F586F9}"
EndProject
Project("{FAE04EC0-301F-11D3-BF4B-00C04F79EFBC}") = "hw_4.2", "hw_4.2\hw_4.2.csproj", "{55BA1EDF-3C70-445B-9C13-AC76744FC56A}"
EndProject
Project("{FAE04EC0-301F-11D3-BF4B-00C04F79EFBC}") = "hw_5", "hw_5\hw_5.csproj", "{15FCABF3-DBE0-4D64-BCA1-54A0B478F9AF}"
EndProject
Project("{FAE04EC0-301F-11D3-BF4B-00C04F79EFBC}") = "hw_6", "hw_6\hw_6.csproj", "{CCB928A5-14C7-46EC-B303-7C2B8663A48D}"
EndProject
Project("{FAE04EC0-301F-11D3-BF4B-00C04F79EFBC}") = "hw_7", "hw_7\hw_7.csproj", "{3AF52E9F-2A27-43D4-BEF3-ECC9F1A37FE5}"
EndProject
Project("{FAE04EC0-301F-11D3-BF4B-00C04F79EFBC}") = "hw_7.2", "hw_7.2\hw_7.2.csproj", "{28092636-F336-43A8-9DF3-76E41862057B}"
EndProject
Global
	GlobalSection(SolutionConfigurationPlatforms) = preSolution
		Debug|Any CPU = Debug|Any CPU
		Release|Any CPU = Release|Any CPU
	EndGlobalSection
	GlobalSection(ProjectConfigurationPlatforms) = postSolution
		{DF19ABDD-7532-412D-A7B3-3BA18FBB55AF}.Debug|Any CPU.ActiveCfg = Debug|Any CPU
		{DF19ABDD-7532-412D-A7B3-3BA18FBB55AF}.Debug|Any CPU.Build.0 = Debug|Any CPU
		{DF19ABDD-7532-412D-A7B3-3BA18FBB55AF}.Release|Any CPU.ActiveCfg = Release|Any CPU
		{DF19ABDD-7532-412D-A7B3-3BA18FBB55AF}.Release|Any CPU.Build.0 = Release|Any CPU
		{1EC2AD2B-40C9-4436-B867-89071024B51A}.Debug|Any CPU.ActiveCfg = Debug|Any CPU
		{1EC2AD2B-40C9-4436-B867-89071024B51A}.Debug|Any CPU.Build.0 = Debug|Any CPU
		{1EC2AD2B-40C9-4436-B867-89071024B51A}.Release|Any CPU.ActiveCfg = Release|Any CPU
		{1EC2AD2B-40C9-4436-B867-89071024B51A}.Release|Any CPU.Build.0 = Release|Any CPU
		{40818F79-5A9B-4553-B029-0635D5493512}.Debug|Any CPU.ActiveCfg = Debug|Any CPU
		{40818F79-5A9B-4553-B029-0635D5493512}.Debug|Any CPU.Build.0 = Debug|Any CPU
		{40818F79-5A9B-4553-B029-0635D5493512}.Release|Any CPU.ActiveCfg = Release|Any CPU
		{40818F79-5A9B-4553-B029-0635D5493512}.Release|Any CPU.Build.0 = Release|Any CPU
		{10968FB3-570A-4444-8BD2-950CC2F0721D}.Debug|Any CPU.ActiveCfg = Debug|Any CPU
		{10968FB3-570A-4444-8BD2-950CC2F0721D}.Debug|Any CPU.Build.0 = Debug|Any CPU
		{10968FB3-570A-4444-8BD2-950CC2F0721D}.Release|Any CPU.ActiveCfg = Release|Any CPU
		{10968FB3-570A-4444-8BD2-950CC2F0721D}.Release|Any CPU.Build.0 = Release|Any CPU
		{7232670B-DAC3-47DD-B915-09E7E073B973}.Debug|Any CPU.ActiveCfg = Debug|Any CPU
		{7232670B-DAC3-47DD-B915-09E7E073B973}.Debug|Any CPU.Build.0 = Debug|Any CPU
		{7232670B-DAC3-47DD-B915-09E7E073B973}.Release|Any CPU.ActiveCfg = Release|Any CPU
		{7232670B-DAC3-47DD-B915-09E7E073B973}.Release|Any CPU.Build.0 = Release|Any CPU
		{3B7E4815-D1AD-41B8-85DB-DED1595E469A}.Debug|Any CPU.ActiveCfg = Debug|Any CPU
		{3B7E4815-D1AD-41B8-85DB-DED1595E469A}.Debug|Any CPU.Build.0 = Debug|Any CPU
		{3B7E4815-D1AD-41B8-85DB-DED1595E469A}.Release|Any CPU.ActiveCfg = Release|Any CPU
		{3B7E4815-D1AD-41B8-85DB-DED1595E469A}.Release|Any CPU.Build.0 = Release|Any CPU
		{A9E68574-1514-A0D8-75B8-3B83F2F586F9}.Debug|Any CPU.ActiveCfg = Debug|Any CPU
		{A9E68574-1514-A0D8-75B8-3B83F2F586F9}.Debug|Any CPU.Build.0 = Debug|Any CPU
		{A9E68574-1514-A0D8-75B8-3B83F2F586F9}.Release|Any CPU.ActiveCfg = Release|Any CPU
		{A9E68574-1514-A0D8-75B8-3B83F2F586F9}.Release|Any CPU.Build.0 = Release|Any CPU
		{55BA1EDF-3C70-445B-9C13-AC76744FC56A}.Debug|Any CPU.ActiveCfg = Debug|Any CPU
		{55BA1EDF-3C70-445B-9C13-AC76744FC56A}.Debug|Any CPU.Build.0 = Debug|Any CPU
		{55BA1EDF-3C70-445B-9C13-AC76744FC56A}.Release|Any CPU.ActiveCfg = Release|Any CPU
		{55BA1EDF-3C70-445B-9C13-AC76744FC56A}.Release|Any CPU.Build.0 = Release|Any CPU
		{15FCABF3-DBE0-4D64-BCA1-54A0B478F9AF}.Debug|Any CPU.ActiveCfg = Debug|Any CPU
		{15FCABF3-DBE0-4D64-BCA1-54A0B478F9AF}.Debug|Any CPU.Build.0 = Debug|Any CPU
		{15FCABF3-DBE0-4D64-BCA1-54A0B478F9AF}.Release|Any CPU.ActiveCfg = Release|Any CPU
		{15FCABF3-DBE0-4D64-BCA1-54A0B478F9AF}.Release|Any CPU.Build.0 = Release|Any CPU
		{CCB928A5-14C7-46EC-B303-7C2B8663A48D}.Debug|Any CPU.ActiveCfg = Debug|Any CPU
		{CCB928A5-14C7-46EC-B303-7C2B8663A48D}.Debug|Any CPU.Build.0 = Debug|Any CPU
		{CCB928A5-14C7-46EC-B303-7C2B8663A48D}.Release|Any CPU.ActiveCfg = Release|Any CPU
		{CCB928A5-14C7-46EC-B303-7C2B8663A48D}.Release|Any CPU.Build.0 = Release|Any CPU
		{3AF52E9F-2A27-43D4-BEF3-ECC9F1A37FE5}.Debug|Any CPU.ActiveCfg = Debug|Any CPU
		{3AF52E9F-2A27-43D4-BEF3-ECC9F1A37FE5}.Debug|Any CPU.Build.0 = Debug|Any CPU
		{3AF52E9F-2A27-43D4-BEF3-ECC9F1A37FE5}.Release|Any CPU.ActiveCfg = Release|Any CPU
		{3AF52E9F-2A27-43D4-BEF3-ECC9F1A37FE5}.Release|Any CPU.Build.0 = Release|Any CPU
		{28092636-F336-43A8-9DF3-76E41862057B}.Debug|Any CPU.ActiveCfg = Debug|Any CPU
		{28092636-F336-43A8-9DF3-76E41862057B}.Debug|Any CPU.Build.0 = Debug|Any CPU
		{28092636-F336-43A8-9DF3-76E41862057B}.Release|Any CPU.ActiveCfg = Release|Any CPU
		{28092636-F336-43A8-9DF3-76E41862057B}.Release|Any CPU.Build.0 = Release|Any CPU
	EndGlobalSection
	GlobalSection(SolutionProperties) = preSolution
		HideSolutionNode = FALSE
	EndGlobalSection
	GlobalSection(ExtensibilityGlobals) = postSolution
		SolutionGuid = {866378D4-11AB-442C-94D4-9E8994D1A09E}
	EndGlobalSection
EndGlobal
